
Microsoft Visual Studio Solution File, Format Version 12.00
# Visual Studio Version 16
VisualStudioVersion = 16.0.29102.190
MinimumVisualStudioVersion = 10.0.40219.1
Project("{FAE04EC0-301F-11D3-BF4B-00C04F79EFBC}") = "CoinFlip", "CoinFlip\CoinFlip.csproj", "{20CD5D57-6F3E-405C-AF42-D033CB8BD646}"
EndProject
Project("{FAE04EC0-301F-11D3-BF4B-00C04F79EFBC}") = "CargoShip", "CargoShip\CargoShip.csproj", "{F62E8AE8-5678-44CB-B57C-E76BFEBAF03B}"
EndProject
Global
	GlobalSection(SolutionConfigurationPlatforms) = preSolution
		Debug|Any CPU = Debug|Any CPU
		Release|Any CPU = Release|Any CPU
	EndGlobalSection
	GlobalSection(ProjectConfigurationPlatforms) = postSolution
		{20CD5D57-6F3E-405C-AF42-D033CB8BD646}.Debug|Any CPU.ActiveCfg = Debug|Any CPU
		{20CD5D57-6F3E-405C-AF42-D033CB8BD646}.Debug|Any CPU.Build.0 = Debug|Any CPU
		{20CD5D57-6F3E-405C-AF42-D033CB8BD646}.Release|Any CPU.ActiveCfg = Release|Any CPU
		{20CD5D57-6F3E-405C-AF42-D033CB8BD646}.Release|Any CPU.Build.0 = Release|Any CPU
		{F62E8AE8-5678-44CB-B57C-E76BFEBAF03B}.Debug|Any CPU.ActiveCfg = Debug|Any CPU
		{F62E8AE8-5678-44CB-B57C-E76BFEBAF03B}.Debug|Any CPU.Build.0 = Debug|Any CPU
		{F62E8AE8-5678-44CB-B57C-E76BFEBAF03B}.Release|Any CPU.ActiveCfg = Release|Any CPU
		{F62E8AE8-5678-44CB-B57C-E76BFEBAF03B}.Release|Any CPU.Build.0 = Release|Any CPU
	EndGlobalSection
	GlobalSection(SolutionProperties) = preSolution
		HideSolutionNode = FALSE
	EndGlobalSection
	GlobalSection(ExtensibilityGlobals) = postSolution
		SolutionGuid = {27FD4B10-944F-4274-B435-A284AC4F35DF}
	EndGlobalSection
EndGlobal
