
Microsoft Visual Studio Solution File, Format Version 12.00
# Visual Studio Version 16
VisualStudioVersion = 16.0.29102.190
MinimumVisualStudioVersion = 10.0.40219.1
Project("{FAE04EC0-301F-11D3-BF4B-00C04F79EFBC}") = "TicTacToe", "TicTacToe\TicTacToe.csproj", "{0FF0B2B6-CD62-4DCB-ABC5-F6DDD1970EF9}"
EndProject
Global
	GlobalSection(SolutionConfigurationPlatforms) = preSolution
		Debug|Any CPU = Debug|Any CPU
		Release|Any CPU = Release|Any CPU
	EndGlobalSection
	GlobalSection(ProjectConfigurationPlatforms) = postSolution
		{0FF0B2B6-CD62-4DCB-ABC5-F6DDD1970EF9}.Debug|Any CPU.ActiveCfg = Debug|Any CPU
		{0FF0B2B6-CD62-4DCB-ABC5-F6DDD1970EF9}.Debug|Any CPU.Build.0 = Debug|Any CPU
		{0FF0B2B6-CD62-4DCB-ABC5-F6DDD1970EF9}.Release|Any CPU.ActiveCfg = Release|Any CPU
		{0FF0B2B6-CD62-4DCB-ABC5-F6DDD1970EF9}.Release|Any CPU.Build.0 = Release|Any CPU
	EndGlobalSection
	GlobalSection(SolutionProperties) = preSolution
		HideSolutionNode = FALSE
	EndGlobalSection
	GlobalSection(ExtensibilityGlobals) = postSolution
		SolutionGuid = {AA9D27CF-5454-4861-ABE1-5CE0BFDC7C42}
	EndGlobalSection
EndGlobal
